
Microsoft Visual Studio Solution File, Format Version 12.00
# Visual Studio Version 17
VisualStudioVersion = 17.12.35527.113
MinimumVisualStudioVersion = 10.0.40219.1
Project("{FAE04EC0-301F-11D3-BF4B-00C04F79EFBC}") = "Dawstin-CPW221-BaseballShop", "Dawstin-CPW221-BaseballShop\Dawstin-CPW221-BaseballShop.csproj", "{B4B0F116-5D46-492B-A27D-2CD660DBF555}"
EndProject
Project("{2150E333-8FDC-42A3-9474-1A3956D46DE8}") = "Solution Items", "Solution Items", "{7016C5F8-0A31-4648-99ED-68205613EE13}"
	ProjectSection(SolutionItems) = preProject
		.editorconfig = .editorconfig
	EndProjectSection
EndProject
Global
	GlobalSection(SolutionConfigurationPlatforms) = preSolution
		Debug|Any CPU = Debug|Any CPU
		Release|Any CPU = Release|Any CPU
	EndGlobalSection
	GlobalSection(ProjectConfigurationPlatforms) = postSolution
		{B4B0F116-5D46-492B-A27D-2CD660DBF555}.Debug|Any CPU.ActiveCfg = Debug|Any CPU
		{B4B0F116-5D46-492B-A27D-2CD660DBF555}.Debug|Any CPU.Build.0 = Debug|Any CPU
		{B4B0F116-5D46-492B-A27D-2CD660DBF555}.Release|Any CPU.ActiveCfg = Release|Any CPU
		{B4B0F116-5D46-492B-A27D-2CD660DBF555}.Release|Any CPU.Build.0 = Release|Any CPU
	EndGlobalSection
	GlobalSection(SolutionProperties) = preSolution
		HideSolutionNode = FALSE
	EndGlobalSection
EndGlobal
